
Microsoft Visual Studio Solution File, Format Version 12.00
# Visual Studio Version 17
VisualStudioVersion = 17.13.35828.75
MinimumVisualStudioVersion = 10.0.40219.1
Project("{FAE04EC0-301F-11D3-BF4B-00C04F79EFBC}") = "Business", "Business\Business.csproj", "{4DC03F36-7DC8-46EC-8A7D-7BA441A59B7D}"
EndProject
Project("{FAE04EC0-301F-11D3-BF4B-00C04F79EFBC}") = "Data", "Data\Data.csproj", "{EF4A6895-0DBD-4191-8583-76840137797B}"
EndProject
Project("{FAE04EC0-301F-11D3-BF4B-00C04F79EFBC}") = "Domain", "Domain\Domain.csproj", "{B664B0CA-CC1C-4E3B-BCE9-431C5A1B5165}"
EndProject
Project("{FAE04EC0-301F-11D3-BF4B-00C04F79EFBC}") = "Api", "Api\Api.csproj", "{5162334D-6C2A-4BFA-B5BE-F8D9C36C604E}"
EndProject
Global
	GlobalSection(SolutionConfigurationPlatforms) = preSolution
		Debug|Any CPU = Debug|Any CPU
		Release|Any CPU = Release|Any CPU
	EndGlobalSection
	GlobalSection(ProjectConfigurationPlatforms) = postSolution
		{4DC03F36-7DC8-46EC-8A7D-7BA441A59B7D}.Debug|Any CPU.ActiveCfg = Debug|Any CPU
		{4DC03F36-7DC8-46EC-8A7D-7BA441A59B7D}.Debug|Any CPU.Build.0 = Debug|Any CPU
		{4DC03F36-7DC8-46EC-8A7D-7BA441A59B7D}.Release|Any CPU.ActiveCfg = Release|Any CPU
		{4DC03F36-7DC8-46EC-8A7D-7BA441A59B7D}.Release|Any CPU.Build.0 = Release|Any CPU
		{EF4A6895-0DBD-4191-8583-76840137797B}.Debug|Any CPU.ActiveCfg = Debug|Any CPU
		{EF4A6895-0DBD-4191-8583-76840137797B}.Debug|Any CPU.Build.0 = Debug|Any CPU
		{EF4A6895-0DBD-4191-8583-76840137797B}.Release|Any CPU.ActiveCfg = Release|Any CPU
		{EF4A6895-0DBD-4191-8583-76840137797B}.Release|Any CPU.Build.0 = Release|Any CPU
		{B664B0CA-CC1C-4E3B-BCE9-431C5A1B5165}.Debug|Any CPU.ActiveCfg = Debug|Any CPU
		{B664B0CA-CC1C-4E3B-BCE9-431C5A1B5165}.Debug|Any CPU.Build.0 = Debug|Any CPU
		{B664B0CA-CC1C-4E3B-BCE9-431C5A1B5165}.Release|Any CPU.ActiveCfg = Release|Any CPU
		{B664B0CA-CC1C-4E3B-BCE9-431C5A1B5165}.Release|Any CPU.Build.0 = Release|Any CPU
		{5162334D-6C2A-4BFA-B5BE-F8D9C36C604E}.Debug|Any CPU.ActiveCfg = Debug|Any CPU
		{5162334D-6C2A-4BFA-B5BE-F8D9C36C604E}.Debug|Any CPU.Build.0 = Debug|Any CPU
		{5162334D-6C2A-4BFA-B5BE-F8D9C36C604E}.Release|Any CPU.ActiveCfg = Release|Any CPU
		{5162334D-6C2A-4BFA-B5BE-F8D9C36C604E}.Release|Any CPU.Build.0 = Release|Any CPU
	EndGlobalSection
	GlobalSection(SolutionProperties) = preSolution
		HideSolutionNode = FALSE
	EndGlobalSection
	GlobalSection(ExtensibilityGlobals) = postSolution
		SolutionGuid = {858CC02A-596D-4229-928C-B2726C526EFB}
	EndGlobalSection
EndGlobal
